
Microsoft Visual Studio Solution File, Format Version 12.00
# Visual Studio 15
VisualStudioVersion = 15.0.27703.2047
MinimumVisualStudioVersion = 10.0.40219.1
Project("{FAE04EC0-301F-11D3-BF4B-00C04F79EFBC}") = "XFDataBiding.Android", "XFDataBiding\XFDataBiding.Android\XFDataBiding.Android.csproj", "{D61AEDAF-470A-48CF-AFBA-484C2F62CC88}"
EndProject
Project("{FAE04EC0-301F-11D3-BF4B-00C04F79EFBC}") = "XFDataBiding.iOS", "XFDataBiding\XFDataBiding.iOS\XFDataBiding.iOS.csproj", "{AA099747-5598-4FB1-B28A-E43DA0E5B5E7}"
EndProject
Project("{FAE04EC0-301F-11D3-BF4B-00C04F79EFBC}") = "XFDataBiding", "XFDataBiding\XFDataBiding\XFDataBiding.csproj", "{2958475E-0FE6-4264-B186-C07D198A59B8}"
EndProject
Global
	GlobalSection(SolutionConfigurationPlatforms) = preSolution
		Ad-Hoc|Any CPU = Ad-Hoc|Any CPU
		Ad-Hoc|iPhone = Ad-Hoc|iPhone
		Ad-Hoc|iPhoneSimulator = Ad-Hoc|iPhoneSimulator
		AppStore|Any CPU = AppStore|Any CPU
		AppStore|iPhone = AppStore|iPhone
		AppStore|iPhoneSimulator = AppStore|iPhoneSimulator
		Debug|Any CPU = Debug|Any CPU
		Debug|iPhone = Debug|iPhone
		Debug|iPhoneSimulator = Debug|iPhoneSimulator
		Release|Any CPU = Release|Any CPU
		Release|iPhone = Release|iPhone
		Release|iPhoneSimulator = Release|iPhoneSimulator
	EndGlobalSection
	GlobalSection(ProjectConfigurationPlatforms) = postSolution
		{D61AEDAF-470A-48CF-AFBA-484C2F62CC88}.Ad-Hoc|Any CPU.ActiveCfg = Release|Any CPU
		{D61AEDAF-470A-48CF-AFBA-484C2F62CC88}.Ad-Hoc|Any CPU.Build.0 = Release|Any CPU
		{D61AEDAF-470A-48CF-AFBA-484C2F62CC88}.Ad-Hoc|Any CPU.Deploy.0 = Release|Any CPU
		{D61AEDAF-470A-48CF-AFBA-484C2F62CC88}.Ad-Hoc|iPhone.ActiveCfg = Release|Any CPU
		{D61AEDAF-470A-48CF-AFBA-484C2F62CC88}.Ad-Hoc|iPhone.Build.0 = Release|Any CPU
		{D61AEDAF-470A-48CF-AFBA-484C2F62CC88}.Ad-Hoc|iPhone.Deploy.0 = Release|Any CPU
		{D61AEDAF-470A-48CF-AFBA-484C2F62CC88}.Ad-Hoc|iPhoneSimulator.ActiveCfg = Release|Any CPU
		{D61AEDAF-470A-48CF-AFBA-484C2F62CC88}.Ad-Hoc|iPhoneSimulator.Build.0 = Release|Any CPU
		{D61AEDAF-470A-48CF-AFBA-484C2F62CC88}.Ad-Hoc|iPhoneSimulator.Deploy.0 = Release|Any CPU
		{D61AEDAF-470A-48CF-AFBA-484C2F62CC88}.AppStore|Any CPU.ActiveCfg = Release|Any CPU
		{D61AEDAF-470A-48CF-AFBA-484C2F62CC88}.AppStore|Any CPU.Build.0 = Release|Any CPU
		{D61AEDAF-470A-48CF-AFBA-484C2F62CC88}.AppStore|Any CPU.Deploy.0 = Release|Any CPU
		{D61AEDAF-470A-48CF-AFBA-484C2F62CC88}.AppStore|iPhone.ActiveCfg = Release|Any CPU
		{D61AEDAF-470A-48CF-AFBA-484C2F62CC88}.AppStore|iPhone.Build.0 = Release|Any CPU
		{D61AEDAF-470A-48CF-AFBA-484C2F62CC88}.AppStore|iPhone.Deploy.0 = Release|Any CPU
		{D61AEDAF-470A-48CF-AFBA-484C2F62CC88}.AppStore|iPhoneSimulator.ActiveCfg = Release|Any CPU
		{D61AEDAF-470A-48CF-AFBA-484C2F62CC88}.AppStore|iPhoneSimulator.Build.0 = Release|Any CPU
		{D61AEDAF-470A-48CF-AFBA-484C2F62CC88}.AppStore|iPhoneSimulator.Deploy.0 = Release|Any CPU
		{D61AEDAF-470A-48CF-AFBA-484C2F62CC88}.Debug|Any CPU.ActiveCfg = Debug|Any CPU
		{D61AEDAF-470A-48CF-AFBA-484C2F62CC88}.Debug|Any CPU.Build.0 = Debug|Any CPU
		{D61AEDAF-470A-48CF-AFBA-484C2F62CC88}.Debug|Any CPU.Deploy.0 = Debug|Any CPU
		{D61AEDAF-470A-48CF-AFBA-484C2F62CC88}.Debug|iPhone.ActiveCfg = Debug|Any CPU
		{D61AEDAF-470A-48CF-AFBA-484C2F62CC88}.Debug|iPhone.Build.0 = Debug|Any CPU
		{D61AEDAF-470A-48CF-AFBA-484C2F62CC88}.Debug|iPhone.Deploy.0 = Debug|Any CPU
		{D61AEDAF-470A-48CF-AFBA-484C2F62CC88}.Debug|iPhoneSimulator.ActiveCfg = Debug|Any CPU
		{D61AEDAF-470A-48CF-AFBA-484C2F62CC88}.Debug|iPhoneSimulator.Build.0 = Debug|Any CPU
		{D61AEDAF-470A-48CF-AFBA-484C2F62CC88}.Debug|iPhoneSimulator.Deploy.0 = Debug|Any CPU
		{D61AEDAF-470A-48CF-AFBA-484C2F62CC88}.Release|Any CPU.ActiveCfg = Release|Any CPU
		{D61AEDAF-470A-48CF-AFBA-484C2F62CC88}.Release|Any CPU.Build.0 = Release|Any CPU
		{D61AEDAF-470A-48CF-AFBA-484C2F62CC88}.Release|Any CPU.Deploy.0 = Release|Any CPU
		{D61AEDAF-470A-48CF-AFBA-484C2F62CC88}.Release|iPhone.ActiveCfg = Release|Any CPU
		{D61AEDAF-470A-48CF-AFBA-484C2F62CC88}.Release|iPhone.Build.0 = Release|Any CPU
		{D61AEDAF-470A-48CF-AFBA-484C2F62CC88}.Release|iPhone.Deploy.0 = Release|Any CPU
		{D61AEDAF-470A-48CF-AFBA-484C2F62CC88}.Release|iPhoneSimulator.ActiveCfg = Release|Any CPU
		{D61AEDAF-470A-48CF-AFBA-484C2F62CC88}.Release|iPhoneSimulator.Build.0 = Release|Any CPU
		{D61AEDAF-470A-48CF-AFBA-484C2F62CC88}.Release|iPhoneSimulator.Deploy.0 = Release|Any CPU
		{AA099747-5598-4FB1-B28A-E43DA0E5B5E7}.Ad-Hoc|Any CPU.ActiveCfg = Ad-Hoc|iPhone
		{AA099747-5598-4FB1-B28A-E43DA0E5B5E7}.Ad-Hoc|Any CPU.Build.0 = Ad-Hoc|iPhone
		{AA099747-5598-4FB1-B28A-E43DA0E5B5E7}.Ad-Hoc|Any CPU.Deploy.0 = Ad-Hoc|iPhone
		{AA099747-5598-4FB1-B28A-E43DA0E5B5E7}.Ad-Hoc|iPhone.ActiveCfg = Ad-Hoc|iPhone
		{AA099747-5598-4FB1-B28A-E43DA0E5B5E7}.Ad-Hoc|iPhone.Build.0 = Ad-Hoc|iPhone
		{AA099747-5598-4FB1-B28A-E43DA0E5B5E7}.Ad-Hoc|iPhone.Deploy.0 = Ad-Hoc|iPhone
		{AA099747-5598-4FB1-B28A-E43DA0E5B5E7}.Ad-Hoc|iPhoneSimulator.ActiveCfg = Ad-Hoc|iPhoneSimulator
		{AA099747-5598-4FB1-B28A-E43DA0E5B5E7}.Ad-Hoc|iPhoneSimulator.Build.0 = Ad-Hoc|iPhoneSimulator
		{AA099747-5598-4FB1-B28A-E43DA0E5B5E7}.Ad-Hoc|iPhoneSimulator.Deploy.0 = Ad-Hoc|iPhoneSimulator
		{AA099747-5598-4FB1-B28A-E43DA0E5B5E7}.AppStore|Any CPU.ActiveCfg = AppStore|iPhone
		{AA099747-5598-4FB1-B28A-E43DA0E5B5E7}.AppStore|Any CPU.Build.0 = AppStore|iPhone
		{AA099747-5598-4FB1-B28A-E43DA0E5B5E7}.AppStore|Any CPU.Deploy.0 = AppStore|iPhone
		{AA099747-5598-4FB1-B28A-E43DA0E5B5E7}.AppStore|iPhone.ActiveCfg = AppStore|iPhone
		{AA099747-5598-4FB1-B28A-E43DA0E5B5E7}.AppStore|iPhone.Build.0 = AppStore|iPhone
		{AA099747-5598-4FB1-B28A-E43DA0E5B5E7}.AppStore|iPhone.Deploy.0 = AppStore|iPhone
		{AA099747-5598-4FB1-B28A-E43DA0E5B5E7}.AppStore|iPhoneSimulator.ActiveCfg = AppStore|iPhoneSimulator
		{AA099747-5598-4FB1-B28A-E43DA0E5B5E7}.AppStore|iPhoneSimulator.Build.0 = AppStore|iPhoneSimulator
		{AA099747-5598-4FB1-B28A-E43DA0E5B5E7}.AppStore|iPhoneSimulator.Deploy.0 = AppStore|iPhoneSimulator
		{AA099747-5598-4FB1-B28A-E43DA0E5B5E7}.Debug|Any CPU.ActiveCfg = Debug|iPhoneSimulator
		{AA099747-5598-4FB1-B28A-E43DA0E5B5E7}.Debug|Any CPU.Build.0 = Debug|iPhoneSimulator
		{AA099747-5598-4FB1-B28A-E43DA0E5B5E7}.Debug|Any CPU.Deploy.0 = Debug|iPhoneSimulator
		{AA099747-5598-4FB1-B28A-E43DA0E5B5E7}.Debug|iPhone.ActiveCfg = Debug|iPhone
		{AA099747-5598-4FB1-B28A-E43DA0E5B5E7}.Debug|iPhone.Build.0 = Debug|iPhone
		{AA099747-5598-4FB1-B28A-E43DA0E5B5E7}.Debug|iPhone.Deploy.0 = Debug|iPhone
		{AA099747-5598-4FB1-B28A-E43DA0E5B5E7}.Debug|iPhoneSimulator.ActiveCfg = Debug|iPhoneSimulator
		{AA099747-5598-4FB1-B28A-E43DA0E5B5E7}.Debug|iPhoneSimulator.Build.0 = Debug|iPhoneSimulator
		{AA099747-5598-4FB1-B28A-E43DA0E5B5E7}.Debug|iPhoneSimulator.Deploy.0 = Debug|iPhoneSimulator
		{AA099747-5598-4FB1-B28A-E43DA0E5B5E7}.Release|Any CPU.ActiveCfg = Release|iPhone
		{AA099747-5598-4FB1-B28A-E43DA0E5B5E7}.Release|Any CPU.Build.0 = Release|iPhone
		{AA099747-5598-4FB1-B28A-E43DA0E5B5E7}.Release|Any CPU.Deploy.0 = Release|iPhone
		{AA099747-5598-4FB1-B28A-E43DA0E5B5E7}.Release|iPhone.ActiveCfg = Release|iPhone
		{AA099747-5598-4FB1-B28A-E43DA0E5B5E7}.Release|iPhone.Build.0 = Release|iPhone
		{AA099747-5598-4FB1-B28A-E43DA0E5B5E7}.Release|iPhone.Deploy.0 = Release|iPhone
		{AA099747-5598-4FB1-B28A-E43DA0E5B5E7}.Release|iPhoneSimulator.ActiveCfg = Release|iPhoneSimulator
		{AA099747-5598-4FB1-B28A-E43DA0E5B5E7}.Release|iPhoneSimulator.Build.0 = Release|iPhoneSimulator
		{AA099747-5598-4FB1-B28A-E43DA0E5B5E7}.Release|iPhoneSimulator.Deploy.0 = Release|iPhoneSimulator
		{2958475E-0FE6-4264-B186-C07D198A59B8}.Ad-Hoc|Any CPU.ActiveCfg = Debug|Any CPU
		{2958475E-0FE6-4264-B186-C07D198A59B8}.Ad-Hoc|Any CPU.Build.0 = Debug|Any CPU
		{2958475E-0FE6-4264-B186-C07D198A59B8}.Ad-Hoc|Any CPU.Deploy.0 = Debug|Any CPU
		{2958475E-0FE6-4264-B186-C07D198A59B8}.Ad-Hoc|iPhone.ActiveCfg = Debug|Any CPU
		{2958475E-0FE6-4264-B186-C07D198A59B8}.Ad-Hoc|iPhone.Build.0 = Debug|Any CPU
		{2958475E-0FE6-4264-B186-C07D198A59B8}.Ad-Hoc|iPhone.Deploy.0 = Debug|Any CPU
		{2958475E-0FE6-4264-B186-C07D198A59B8}.Ad-Hoc|iPhoneSimulator.ActiveCfg = Debug|Any CPU
		{2958475E-0FE6-4264-B186-C07D198A59B8}.Ad-Hoc|iPhoneSimulator.Build.0 = Debug|Any CPU
		{2958475E-0FE6-4264-B186-C07D198A59B8}.Ad-Hoc|iPhoneSimulator.Deploy.0 = Debug|Any CPU
		{2958475E-0FE6-4264-B186-C07D198A59B8}.AppStore|Any CPU.ActiveCfg = Debug|Any CPU
		{2958475E-0FE6-4264-B186-C07D198A59B8}.AppStore|Any CPU.Build.0 = Debug|Any CPU
		{2958475E-0FE6-4264-B186-C07D198A59B8}.AppStore|Any CPU.Deploy.0 = Debug|Any CPU
		{2958475E-0FE6-4264-B186-C07D198A59B8}.AppStore|iPhone.ActiveCfg = Debug|Any CPU
		{2958475E-0FE6-4264-B186-C07D198A59B8}.AppStore|iPhone.Build.0 = Debug|Any CPU
		{2958475E-0FE6-4264-B186-C07D198A59B8}.AppStore|iPhone.Deploy.0 = Debug|Any CPU
		{2958475E-0FE6-4264-B186-C07D198A59B8}.AppStore|iPhoneSimulator.ActiveCfg = Debug|Any CPU
		{2958475E-0FE6-4264-B186-C07D198A59B8}.AppStore|iPhoneSimulator.Build.0 = Debug|Any CPU
		{2958475E-0FE6-4264-B186-C07D198A59B8}.AppStore|iPhoneSimulator.Deploy.0 = Debug|Any CPU
		{2958475E-0FE6-4264-B186-C07D198A59B8}.Debug|Any CPU.ActiveCfg = Debug|Any CPU
		{2958475E-0FE6-4264-B186-C07D198A59B8}.Debug|Any CPU.Build.0 = Debug|Any CPU
		{2958475E-0FE6-4264-B186-C07D198A59B8}.Debug|Any CPU.Deploy.0 = Debug|Any CPU
		{2958475E-0FE6-4264-B186-C07D198A59B8}.Debug|iPhone.ActiveCfg = Debug|Any CPU
		{2958475E-0FE6-4264-B186-C07D198A59B8}.Debug|iPhone.Build.0 = Debug|Any CPU
		{2958475E-0FE6-4264-B186-C07D198A59B8}.Debug|iPhone.Deploy.0 = Debug|Any CPU
		{2958475E-0FE6-4264-B186-C07D198A59B8}.Debug|iPhoneSimulator.ActiveCfg = Debug|Any CPU
		{2958475E-0FE6-4264-B186-C07D198A59B8}.Debug|iPhoneSimulator.Build.0 = Debug|Any CPU
		{2958475E-0FE6-4264-B186-C07D198A59B8}.Debug|iPhoneSimulator.Deploy.0 = Debug|Any CPU
		{2958475E-0FE6-4264-B186-C07D198A59B8}.Release|Any CPU.ActiveCfg = Release|Any CPU
		{2958475E-0FE6-4264-B186-C07D198A59B8}.Release|Any CPU.Build.0 = Release|Any CPU
		{2958475E-0FE6-4264-B186-C07D198A59B8}.Release|Any CPU.Deploy.0 = Release|Any CPU
		{2958475E-0FE6-4264-B186-C07D198A59B8}.Release|iPhone.ActiveCfg = Release|Any CPU
		{2958475E-0FE6-4264-B186-C07D198A59B8}.Release|iPhone.Build.0 = Release|Any CPU
		{2958475E-0FE6-4264-B186-C07D198A59B8}.Release|iPhone.Deploy.0 = Release|Any CPU
		{2958475E-0FE6-4264-B186-C07D198A59B8}.Release|iPhoneSimulator.ActiveCfg = Release|Any CPU
		{2958475E-0FE6-4264-B186-C07D198A59B8}.Release|iPhoneSimulator.Build.0 = Release|Any CPU
		{2958475E-0FE6-4264-B186-C07D198A59B8}.Release|iPhoneSimulator.Deploy.0 = Release|Any CPU
	EndGlobalSection
	GlobalSection(SolutionProperties) = preSolution
		HideSolutionNode = FALSE
	EndGlobalSection
	GlobalSection(ExtensibilityGlobals) = postSolution
		SolutionGuid = {AE07C2FE-019A-4EEB-AA22-BA5B78193724}
	EndGlobalSection
EndGlobal
