
Microsoft Visual Studio Solution File, Format Version 12.00
# Visual Studio 15
VisualStudioVersion = 15.0.27703.2047
MinimumVisualStudioVersion = 10.0.40219.1
Project("{FAE04EC0-301F-11D3-BF4B-00C04F79EFBC}") = "EF_Core_Sqlite.Android", "EF_Core_Sqlite\EF_Core_Sqlite.Android\EF_Core_Sqlite.Android.csproj", "{F83C5E1D-642D-49EC-86ED-9C8B8226952E}"
EndProject
Project("{FAE04EC0-301F-11D3-BF4B-00C04F79EFBC}") = "EF_Core_Sqlite.iOS", "EF_Core_Sqlite\EF_Core_Sqlite.iOS\EF_Core_Sqlite.iOS.csproj", "{A3AA6996-23F2-42A2-A3D5-55A3D6AAC678}"
EndProject
Project("{FAE04EC0-301F-11D3-BF4B-00C04F79EFBC}") = "EF_Core_Sqlite", "EF_Core_Sqlite\EF_Core_Sqlite\EF_Core_Sqlite.csproj", "{A240E609-2937-4949-8C4E-1B54C2E59E5B}"
EndProject
Global
	GlobalSection(SolutionConfigurationPlatforms) = preSolution
		Ad-Hoc|Any CPU = Ad-Hoc|Any CPU
		Ad-Hoc|iPhone = Ad-Hoc|iPhone
		Ad-Hoc|iPhoneSimulator = Ad-Hoc|iPhoneSimulator
		AppStore|Any CPU = AppStore|Any CPU
		AppStore|iPhone = AppStore|iPhone
		AppStore|iPhoneSimulator = AppStore|iPhoneSimulator
		Debug|Any CPU = Debug|Any CPU
		Debug|iPhone = Debug|iPhone
		Debug|iPhoneSimulator = Debug|iPhoneSimulator
		Release|Any CPU = Release|Any CPU
		Release|iPhone = Release|iPhone
		Release|iPhoneSimulator = Release|iPhoneSimulator
	EndGlobalSection
	GlobalSection(ProjectConfigurationPlatforms) = postSolution
		{F83C5E1D-642D-49EC-86ED-9C8B8226952E}.Ad-Hoc|Any CPU.ActiveCfg = Release|Any CPU
		{F83C5E1D-642D-49EC-86ED-9C8B8226952E}.Ad-Hoc|Any CPU.Build.0 = Release|Any CPU
		{F83C5E1D-642D-49EC-86ED-9C8B8226952E}.Ad-Hoc|Any CPU.Deploy.0 = Release|Any CPU
		{F83C5E1D-642D-49EC-86ED-9C8B8226952E}.Ad-Hoc|iPhone.ActiveCfg = Release|Any CPU
		{F83C5E1D-642D-49EC-86ED-9C8B8226952E}.Ad-Hoc|iPhone.Build.0 = Release|Any CPU
		{F83C5E1D-642D-49EC-86ED-9C8B8226952E}.Ad-Hoc|iPhone.Deploy.0 = Release|Any CPU
		{F83C5E1D-642D-49EC-86ED-9C8B8226952E}.Ad-Hoc|iPhoneSimulator.ActiveCfg = Release|Any CPU
		{F83C5E1D-642D-49EC-86ED-9C8B8226952E}.Ad-Hoc|iPhoneSimulator.Build.0 = Release|Any CPU
		{F83C5E1D-642D-49EC-86ED-9C8B8226952E}.Ad-Hoc|iPhoneSimulator.Deploy.0 = Release|Any CPU
		{F83C5E1D-642D-49EC-86ED-9C8B8226952E}.AppStore|Any CPU.ActiveCfg = Release|Any CPU
		{F83C5E1D-642D-49EC-86ED-9C8B8226952E}.AppStore|Any CPU.Build.0 = Release|Any CPU
		{F83C5E1D-642D-49EC-86ED-9C8B8226952E}.AppStore|Any CPU.Deploy.0 = Release|Any CPU
		{F83C5E1D-642D-49EC-86ED-9C8B8226952E}.AppStore|iPhone.ActiveCfg = Release|Any CPU
		{F83C5E1D-642D-49EC-86ED-9C8B8226952E}.AppStore|iPhone.Build.0 = Release|Any CPU
		{F83C5E1D-642D-49EC-86ED-9C8B8226952E}.AppStore|iPhone.Deploy.0 = Release|Any CPU
		{F83C5E1D-642D-49EC-86ED-9C8B8226952E}.AppStore|iPhoneSimulator.ActiveCfg = Release|Any CPU
		{F83C5E1D-642D-49EC-86ED-9C8B8226952E}.AppStore|iPhoneSimulator.Build.0 = Release|Any CPU
		{F83C5E1D-642D-49EC-86ED-9C8B8226952E}.AppStore|iPhoneSimulator.Deploy.0 = Release|Any CPU
		{F83C5E1D-642D-49EC-86ED-9C8B8226952E}.Debug|Any CPU.ActiveCfg = Debug|Any CPU
		{F83C5E1D-642D-49EC-86ED-9C8B8226952E}.Debug|Any CPU.Build.0 = Debug|Any CPU
		{F83C5E1D-642D-49EC-86ED-9C8B8226952E}.Debug|Any CPU.Deploy.0 = Debug|Any CPU
		{F83C5E1D-642D-49EC-86ED-9C8B8226952E}.Debug|iPhone.ActiveCfg = Debug|Any CPU
		{F83C5E1D-642D-49EC-86ED-9C8B8226952E}.Debug|iPhone.Build.0 = Debug|Any CPU
		{F83C5E1D-642D-49EC-86ED-9C8B8226952E}.Debug|iPhone.Deploy.0 = Debug|Any CPU
		{F83C5E1D-642D-49EC-86ED-9C8B8226952E}.Debug|iPhoneSimulator.ActiveCfg = Debug|Any CPU
		{F83C5E1D-642D-49EC-86ED-9C8B8226952E}.Debug|iPhoneSimulator.Build.0 = Debug|Any CPU
		{F83C5E1D-642D-49EC-86ED-9C8B8226952E}.Debug|iPhoneSimulator.Deploy.0 = Debug|Any CPU
		{F83C5E1D-642D-49EC-86ED-9C8B8226952E}.Release|Any CPU.ActiveCfg = Release|Any CPU
		{F83C5E1D-642D-49EC-86ED-9C8B8226952E}.Release|Any CPU.Build.0 = Release|Any CPU
		{F83C5E1D-642D-49EC-86ED-9C8B8226952E}.Release|Any CPU.Deploy.0 = Release|Any CPU
		{F83C5E1D-642D-49EC-86ED-9C8B8226952E}.Release|iPhone.ActiveCfg = Release|Any CPU
		{F83C5E1D-642D-49EC-86ED-9C8B8226952E}.Release|iPhone.Build.0 = Release|Any CPU
		{F83C5E1D-642D-49EC-86ED-9C8B8226952E}.Release|iPhone.Deploy.0 = Release|Any CPU
		{F83C5E1D-642D-49EC-86ED-9C8B8226952E}.Release|iPhoneSimulator.ActiveCfg = Release|Any CPU
		{F83C5E1D-642D-49EC-86ED-9C8B8226952E}.Release|iPhoneSimulator.Build.0 = Release|Any CPU
		{F83C5E1D-642D-49EC-86ED-9C8B8226952E}.Release|iPhoneSimulator.Deploy.0 = Release|Any CPU
		{A3AA6996-23F2-42A2-A3D5-55A3D6AAC678}.Ad-Hoc|Any CPU.ActiveCfg = Ad-Hoc|iPhone
		{A3AA6996-23F2-42A2-A3D5-55A3D6AAC678}.Ad-Hoc|iPhone.ActiveCfg = Ad-Hoc|iPhone
		{A3AA6996-23F2-42A2-A3D5-55A3D6AAC678}.Ad-Hoc|iPhone.Build.0 = Ad-Hoc|iPhone
		{A3AA6996-23F2-42A2-A3D5-55A3D6AAC678}.Ad-Hoc|iPhoneSimulator.ActiveCfg = Ad-Hoc|iPhoneSimulator
		{A3AA6996-23F2-42A2-A3D5-55A3D6AAC678}.Ad-Hoc|iPhoneSimulator.Build.0 = Ad-Hoc|iPhoneSimulator
		{A3AA6996-23F2-42A2-A3D5-55A3D6AAC678}.AppStore|Any CPU.ActiveCfg = AppStore|iPhone
		{A3AA6996-23F2-42A2-A3D5-55A3D6AAC678}.AppStore|iPhone.ActiveCfg = AppStore|iPhone
		{A3AA6996-23F2-42A2-A3D5-55A3D6AAC678}.AppStore|iPhone.Build.0 = AppStore|iPhone
		{A3AA6996-23F2-42A2-A3D5-55A3D6AAC678}.AppStore|iPhoneSimulator.ActiveCfg = AppStore|iPhoneSimulator
		{A3AA6996-23F2-42A2-A3D5-55A3D6AAC678}.AppStore|iPhoneSimulator.Build.0 = AppStore|iPhoneSimulator
		{A3AA6996-23F2-42A2-A3D5-55A3D6AAC678}.Debug|Any CPU.ActiveCfg = Debug|iPhone
		{A3AA6996-23F2-42A2-A3D5-55A3D6AAC678}.Debug|iPhone.ActiveCfg = Debug|iPhone
		{A3AA6996-23F2-42A2-A3D5-55A3D6AAC678}.Debug|iPhone.Build.0 = Debug|iPhone
		{A3AA6996-23F2-42A2-A3D5-55A3D6AAC678}.Debug|iPhoneSimulator.ActiveCfg = Debug|iPhoneSimulator
		{A3AA6996-23F2-42A2-A3D5-55A3D6AAC678}.Debug|iPhoneSimulator.Build.0 = Debug|iPhoneSimulator
		{A3AA6996-23F2-42A2-A3D5-55A3D6AAC678}.Release|Any CPU.ActiveCfg = Release|iPhone
		{A3AA6996-23F2-42A2-A3D5-55A3D6AAC678}.Release|iPhone.ActiveCfg = Release|iPhone
		{A3AA6996-23F2-42A2-A3D5-55A3D6AAC678}.Release|iPhone.Build.0 = Release|iPhone
		{A3AA6996-23F2-42A2-A3D5-55A3D6AAC678}.Release|iPhoneSimulator.ActiveCfg = Release|iPhoneSimulator
		{A3AA6996-23F2-42A2-A3D5-55A3D6AAC678}.Release|iPhoneSimulator.Build.0 = Release|iPhoneSimulator
		{A240E609-2937-4949-8C4E-1B54C2E59E5B}.Ad-Hoc|Any CPU.ActiveCfg = Debug|Any CPU
		{A240E609-2937-4949-8C4E-1B54C2E59E5B}.Ad-Hoc|Any CPU.Build.0 = Debug|Any CPU
		{A240E609-2937-4949-8C4E-1B54C2E59E5B}.Ad-Hoc|iPhone.ActiveCfg = Debug|Any CPU
		{A240E609-2937-4949-8C4E-1B54C2E59E5B}.Ad-Hoc|iPhone.Build.0 = Debug|Any CPU
		{A240E609-2937-4949-8C4E-1B54C2E59E5B}.Ad-Hoc|iPhoneSimulator.ActiveCfg = Debug|Any CPU
		{A240E609-2937-4949-8C4E-1B54C2E59E5B}.Ad-Hoc|iPhoneSimulator.Build.0 = Debug|Any CPU
		{A240E609-2937-4949-8C4E-1B54C2E59E5B}.AppStore|Any CPU.ActiveCfg = Debug|Any CPU
		{A240E609-2937-4949-8C4E-1B54C2E59E5B}.AppStore|Any CPU.Build.0 = Debug|Any CPU
		{A240E609-2937-4949-8C4E-1B54C2E59E5B}.AppStore|iPhone.ActiveCfg = Debug|Any CPU
		{A240E609-2937-4949-8C4E-1B54C2E59E5B}.AppStore|iPhone.Build.0 = Debug|Any CPU
		{A240E609-2937-4949-8C4E-1B54C2E59E5B}.AppStore|iPhoneSimulator.ActiveCfg = Debug|Any CPU
		{A240E609-2937-4949-8C4E-1B54C2E59E5B}.AppStore|iPhoneSimulator.Build.0 = Debug|Any CPU
		{A240E609-2937-4949-8C4E-1B54C2E59E5B}.Debug|Any CPU.ActiveCfg = Debug|Any CPU
		{A240E609-2937-4949-8C4E-1B54C2E59E5B}.Debug|Any CPU.Build.0 = Debug|Any CPU
		{A240E609-2937-4949-8C4E-1B54C2E59E5B}.Debug|iPhone.ActiveCfg = Debug|Any CPU
		{A240E609-2937-4949-8C4E-1B54C2E59E5B}.Debug|iPhone.Build.0 = Debug|Any CPU
		{A240E609-2937-4949-8C4E-1B54C2E59E5B}.Debug|iPhoneSimulator.ActiveCfg = Debug|Any CPU
		{A240E609-2937-4949-8C4E-1B54C2E59E5B}.Debug|iPhoneSimulator.Build.0 = Debug|Any CPU
		{A240E609-2937-4949-8C4E-1B54C2E59E5B}.Release|Any CPU.ActiveCfg = Release|Any CPU
		{A240E609-2937-4949-8C4E-1B54C2E59E5B}.Release|Any CPU.Build.0 = Release|Any CPU
		{A240E609-2937-4949-8C4E-1B54C2E59E5B}.Release|iPhone.ActiveCfg = Release|Any CPU
		{A240E609-2937-4949-8C4E-1B54C2E59E5B}.Release|iPhone.Build.0 = Release|Any CPU
		{A240E609-2937-4949-8C4E-1B54C2E59E5B}.Release|iPhoneSimulator.ActiveCfg = Release|Any CPU
		{A240E609-2937-4949-8C4E-1B54C2E59E5B}.Release|iPhoneSimulator.Build.0 = Release|Any CPU
	EndGlobalSection
	GlobalSection(SolutionProperties) = preSolution
		HideSolutionNode = FALSE
	EndGlobalSection
	GlobalSection(ExtensibilityGlobals) = postSolution
		SolutionGuid = {214C63AE-0D10-43AE-9D34-38A6FEA6D9BD}
	EndGlobalSection
EndGlobal
