
Microsoft Visual Studio Solution File, Format Version 12.00
# Visual Studio 15
VisualStudioVersion = 15.0.27703.2047
MinimumVisualStudioVersion = 10.0.40219.1
Project("{FAE04EC0-301F-11D3-BF4B-00C04F79EFBC}") = "XFHierarchicalNavigation.Android", "XFHierarchicalNavigation\XFHierarchicalNavigation.Android\XFHierarchicalNavigation.Android.csproj", "{38738009-B69F-4C4B-9BBF-688871AAA226}"
EndProject
Project("{9A19103F-16F7-4668-BE54-9A1E7A4F7556}") = "XFHierarchicalNavigation", "XFHierarchicalNavigation\XFHierarchicalNavigation\XFHierarchicalNavigation.csproj", "{B5310FE3-3B82-4E0A-A208-5BBF2E0E387D}"
EndProject
Project("{FAE04EC0-301F-11D3-BF4B-00C04F79EFBC}") = "XFHierarchicalNavigation.iOS", "XFHierarchicalNavigation\XFHierarchicalNavigation.iOS\XFHierarchicalNavigation.iOS.csproj", "{101E3060-8799-4119-8A7A-4F86A01C0C84}"
EndProject
Global
	GlobalSection(SolutionConfigurationPlatforms) = preSolution
		Ad-Hoc|Any CPU = Ad-Hoc|Any CPU
		Ad-Hoc|iPhone = Ad-Hoc|iPhone
		Ad-Hoc|iPhoneSimulator = Ad-Hoc|iPhoneSimulator
		AppStore|Any CPU = AppStore|Any CPU
		AppStore|iPhone = AppStore|iPhone
		AppStore|iPhoneSimulator = AppStore|iPhoneSimulator
		Debug|Any CPU = Debug|Any CPU
		Debug|iPhone = Debug|iPhone
		Debug|iPhoneSimulator = Debug|iPhoneSimulator
		Release|Any CPU = Release|Any CPU
		Release|iPhone = Release|iPhone
		Release|iPhoneSimulator = Release|iPhoneSimulator
	EndGlobalSection
	GlobalSection(ProjectConfigurationPlatforms) = postSolution
		{38738009-B69F-4C4B-9BBF-688871AAA226}.Ad-Hoc|Any CPU.ActiveCfg = Release|Any CPU
		{38738009-B69F-4C4B-9BBF-688871AAA226}.Ad-Hoc|Any CPU.Build.0 = Release|Any CPU
		{38738009-B69F-4C4B-9BBF-688871AAA226}.Ad-Hoc|Any CPU.Deploy.0 = Release|Any CPU
		{38738009-B69F-4C4B-9BBF-688871AAA226}.Ad-Hoc|iPhone.ActiveCfg = Release|Any CPU
		{38738009-B69F-4C4B-9BBF-688871AAA226}.Ad-Hoc|iPhone.Build.0 = Release|Any CPU
		{38738009-B69F-4C4B-9BBF-688871AAA226}.Ad-Hoc|iPhone.Deploy.0 = Release|Any CPU
		{38738009-B69F-4C4B-9BBF-688871AAA226}.Ad-Hoc|iPhoneSimulator.ActiveCfg = Release|Any CPU
		{38738009-B69F-4C4B-9BBF-688871AAA226}.Ad-Hoc|iPhoneSimulator.Build.0 = Release|Any CPU
		{38738009-B69F-4C4B-9BBF-688871AAA226}.Ad-Hoc|iPhoneSimulator.Deploy.0 = Release|Any CPU
		{38738009-B69F-4C4B-9BBF-688871AAA226}.AppStore|Any CPU.ActiveCfg = Release|Any CPU
		{38738009-B69F-4C4B-9BBF-688871AAA226}.AppStore|Any CPU.Build.0 = Release|Any CPU
		{38738009-B69F-4C4B-9BBF-688871AAA226}.AppStore|Any CPU.Deploy.0 = Release|Any CPU
		{38738009-B69F-4C4B-9BBF-688871AAA226}.AppStore|iPhone.ActiveCfg = Release|Any CPU
		{38738009-B69F-4C4B-9BBF-688871AAA226}.AppStore|iPhone.Build.0 = Release|Any CPU
		{38738009-B69F-4C4B-9BBF-688871AAA226}.AppStore|iPhone.Deploy.0 = Release|Any CPU
		{38738009-B69F-4C4B-9BBF-688871AAA226}.AppStore|iPhoneSimulator.ActiveCfg = Release|Any CPU
		{38738009-B69F-4C4B-9BBF-688871AAA226}.AppStore|iPhoneSimulator.Build.0 = Release|Any CPU
		{38738009-B69F-4C4B-9BBF-688871AAA226}.AppStore|iPhoneSimulator.Deploy.0 = Release|Any CPU
		{38738009-B69F-4C4B-9BBF-688871AAA226}.Debug|Any CPU.ActiveCfg = Debug|Any CPU
		{38738009-B69F-4C4B-9BBF-688871AAA226}.Debug|Any CPU.Build.0 = Debug|Any CPU
		{38738009-B69F-4C4B-9BBF-688871AAA226}.Debug|Any CPU.Deploy.0 = Debug|Any CPU
		{38738009-B69F-4C4B-9BBF-688871AAA226}.Debug|iPhone.ActiveCfg = Debug|Any CPU
		{38738009-B69F-4C4B-9BBF-688871AAA226}.Debug|iPhone.Build.0 = Debug|Any CPU
		{38738009-B69F-4C4B-9BBF-688871AAA226}.Debug|iPhone.Deploy.0 = Debug|Any CPU
		{38738009-B69F-4C4B-9BBF-688871AAA226}.Debug|iPhoneSimulator.ActiveCfg = Debug|Any CPU
		{38738009-B69F-4C4B-9BBF-688871AAA226}.Debug|iPhoneSimulator.Build.0 = Debug|Any CPU
		{38738009-B69F-4C4B-9BBF-688871AAA226}.Debug|iPhoneSimulator.Deploy.0 = Debug|Any CPU
		{38738009-B69F-4C4B-9BBF-688871AAA226}.Release|Any CPU.ActiveCfg = Release|Any CPU
		{38738009-B69F-4C4B-9BBF-688871AAA226}.Release|Any CPU.Build.0 = Release|Any CPU
		{38738009-B69F-4C4B-9BBF-688871AAA226}.Release|Any CPU.Deploy.0 = Release|Any CPU
		{38738009-B69F-4C4B-9BBF-688871AAA226}.Release|iPhone.ActiveCfg = Release|Any CPU
		{38738009-B69F-4C4B-9BBF-688871AAA226}.Release|iPhone.Build.0 = Release|Any CPU
		{38738009-B69F-4C4B-9BBF-688871AAA226}.Release|iPhone.Deploy.0 = Release|Any CPU
		{38738009-B69F-4C4B-9BBF-688871AAA226}.Release|iPhoneSimulator.ActiveCfg = Release|Any CPU
		{38738009-B69F-4C4B-9BBF-688871AAA226}.Release|iPhoneSimulator.Build.0 = Release|Any CPU
		{38738009-B69F-4C4B-9BBF-688871AAA226}.Release|iPhoneSimulator.Deploy.0 = Release|Any CPU
		{B5310FE3-3B82-4E0A-A208-5BBF2E0E387D}.Ad-Hoc|Any CPU.ActiveCfg = Debug|Any CPU
		{B5310FE3-3B82-4E0A-A208-5BBF2E0E387D}.Ad-Hoc|Any CPU.Build.0 = Debug|Any CPU
		{B5310FE3-3B82-4E0A-A208-5BBF2E0E387D}.Ad-Hoc|Any CPU.Deploy.0 = Debug|Any CPU
		{B5310FE3-3B82-4E0A-A208-5BBF2E0E387D}.Ad-Hoc|iPhone.ActiveCfg = Debug|Any CPU
		{B5310FE3-3B82-4E0A-A208-5BBF2E0E387D}.Ad-Hoc|iPhone.Build.0 = Debug|Any CPU
		{B5310FE3-3B82-4E0A-A208-5BBF2E0E387D}.Ad-Hoc|iPhone.Deploy.0 = Debug|Any CPU
		{B5310FE3-3B82-4E0A-A208-5BBF2E0E387D}.Ad-Hoc|iPhoneSimulator.ActiveCfg = Debug|Any CPU
		{B5310FE3-3B82-4E0A-A208-5BBF2E0E387D}.Ad-Hoc|iPhoneSimulator.Build.0 = Debug|Any CPU
		{B5310FE3-3B82-4E0A-A208-5BBF2E0E387D}.Ad-Hoc|iPhoneSimulator.Deploy.0 = Debug|Any CPU
		{B5310FE3-3B82-4E0A-A208-5BBF2E0E387D}.AppStore|Any CPU.ActiveCfg = Debug|Any CPU
		{B5310FE3-3B82-4E0A-A208-5BBF2E0E387D}.AppStore|Any CPU.Build.0 = Debug|Any CPU
		{B5310FE3-3B82-4E0A-A208-5BBF2E0E387D}.AppStore|Any CPU.Deploy.0 = Debug|Any CPU
		{B5310FE3-3B82-4E0A-A208-5BBF2E0E387D}.AppStore|iPhone.ActiveCfg = Debug|Any CPU
		{B5310FE3-3B82-4E0A-A208-5BBF2E0E387D}.AppStore|iPhone.Build.0 = Debug|Any CPU
		{B5310FE3-3B82-4E0A-A208-5BBF2E0E387D}.AppStore|iPhone.Deploy.0 = Debug|Any CPU
		{B5310FE3-3B82-4E0A-A208-5BBF2E0E387D}.AppStore|iPhoneSimulator.ActiveCfg = Debug|Any CPU
		{B5310FE3-3B82-4E0A-A208-5BBF2E0E387D}.AppStore|iPhoneSimulator.Build.0 = Debug|Any CPU
		{B5310FE3-3B82-4E0A-A208-5BBF2E0E387D}.AppStore|iPhoneSimulator.Deploy.0 = Debug|Any CPU
		{B5310FE3-3B82-4E0A-A208-5BBF2E0E387D}.Debug|Any CPU.ActiveCfg = Debug|Any CPU
		{B5310FE3-3B82-4E0A-A208-5BBF2E0E387D}.Debug|Any CPU.Build.0 = Debug|Any CPU
		{B5310FE3-3B82-4E0A-A208-5BBF2E0E387D}.Debug|Any CPU.Deploy.0 = Debug|Any CPU
		{B5310FE3-3B82-4E0A-A208-5BBF2E0E387D}.Debug|iPhone.ActiveCfg = Debug|Any CPU
		{B5310FE3-3B82-4E0A-A208-5BBF2E0E387D}.Debug|iPhone.Build.0 = Debug|Any CPU
		{B5310FE3-3B82-4E0A-A208-5BBF2E0E387D}.Debug|iPhone.Deploy.0 = Debug|Any CPU
		{B5310FE3-3B82-4E0A-A208-5BBF2E0E387D}.Debug|iPhoneSimulator.ActiveCfg = Debug|Any CPU
		{B5310FE3-3B82-4E0A-A208-5BBF2E0E387D}.Debug|iPhoneSimulator.Build.0 = Debug|Any CPU
		{B5310FE3-3B82-4E0A-A208-5BBF2E0E387D}.Debug|iPhoneSimulator.Deploy.0 = Debug|Any CPU
		{B5310FE3-3B82-4E0A-A208-5BBF2E0E387D}.Release|Any CPU.ActiveCfg = Release|Any CPU
		{B5310FE3-3B82-4E0A-A208-5BBF2E0E387D}.Release|Any CPU.Build.0 = Release|Any CPU
		{B5310FE3-3B82-4E0A-A208-5BBF2E0E387D}.Release|Any CPU.Deploy.0 = Release|Any CPU
		{B5310FE3-3B82-4E0A-A208-5BBF2E0E387D}.Release|iPhone.ActiveCfg = Release|Any CPU
		{B5310FE3-3B82-4E0A-A208-5BBF2E0E387D}.Release|iPhone.Build.0 = Release|Any CPU
		{B5310FE3-3B82-4E0A-A208-5BBF2E0E387D}.Release|iPhone.Deploy.0 = Release|Any CPU
		{B5310FE3-3B82-4E0A-A208-5BBF2E0E387D}.Release|iPhoneSimulator.ActiveCfg = Release|Any CPU
		{B5310FE3-3B82-4E0A-A208-5BBF2E0E387D}.Release|iPhoneSimulator.Build.0 = Release|Any CPU
		{B5310FE3-3B82-4E0A-A208-5BBF2E0E387D}.Release|iPhoneSimulator.Deploy.0 = Release|Any CPU
		{101E3060-8799-4119-8A7A-4F86A01C0C84}.Ad-Hoc|Any CPU.ActiveCfg = Release|iPhone
		{101E3060-8799-4119-8A7A-4F86A01C0C84}.Ad-Hoc|Any CPU.Build.0 = Release|iPhone
		{101E3060-8799-4119-8A7A-4F86A01C0C84}.Ad-Hoc|iPhone.ActiveCfg = Release|iPhone
		{101E3060-8799-4119-8A7A-4F86A01C0C84}.Ad-Hoc|iPhone.Build.0 = Release|iPhone
		{101E3060-8799-4119-8A7A-4F86A01C0C84}.Ad-Hoc|iPhoneSimulator.ActiveCfg = Release|iPhoneSimulator
		{101E3060-8799-4119-8A7A-4F86A01C0C84}.Ad-Hoc|iPhoneSimulator.Build.0 = Release|iPhoneSimulator
		{101E3060-8799-4119-8A7A-4F86A01C0C84}.AppStore|Any CPU.ActiveCfg = Release|iPhone
		{101E3060-8799-4119-8A7A-4F86A01C0C84}.AppStore|Any CPU.Build.0 = Release|iPhone
		{101E3060-8799-4119-8A7A-4F86A01C0C84}.AppStore|iPhone.ActiveCfg = Release|iPhone
		{101E3060-8799-4119-8A7A-4F86A01C0C84}.AppStore|iPhone.Build.0 = Release|iPhone
		{101E3060-8799-4119-8A7A-4F86A01C0C84}.AppStore|iPhoneSimulator.ActiveCfg = Release|iPhoneSimulator
		{101E3060-8799-4119-8A7A-4F86A01C0C84}.AppStore|iPhoneSimulator.Build.0 = Release|iPhoneSimulator
		{101E3060-8799-4119-8A7A-4F86A01C0C84}.Debug|Any CPU.ActiveCfg = Debug|iPhone
		{101E3060-8799-4119-8A7A-4F86A01C0C84}.Debug|iPhone.ActiveCfg = Debug|iPhone
		{101E3060-8799-4119-8A7A-4F86A01C0C84}.Debug|iPhone.Build.0 = Debug|iPhone
		{101E3060-8799-4119-8A7A-4F86A01C0C84}.Debug|iPhoneSimulator.ActiveCfg = Debug|iPhoneSimulator
		{101E3060-8799-4119-8A7A-4F86A01C0C84}.Debug|iPhoneSimulator.Build.0 = Debug|iPhoneSimulator
		{101E3060-8799-4119-8A7A-4F86A01C0C84}.Release|Any CPU.ActiveCfg = Release|iPhone
		{101E3060-8799-4119-8A7A-4F86A01C0C84}.Release|iPhone.ActiveCfg = Release|iPhone
		{101E3060-8799-4119-8A7A-4F86A01C0C84}.Release|iPhone.Build.0 = Release|iPhone
		{101E3060-8799-4119-8A7A-4F86A01C0C84}.Release|iPhoneSimulator.ActiveCfg = Release|iPhoneSimulator
		{101E3060-8799-4119-8A7A-4F86A01C0C84}.Release|iPhoneSimulator.Build.0 = Release|iPhoneSimulator
	EndGlobalSection
	GlobalSection(SolutionProperties) = preSolution
		HideSolutionNode = FALSE
	EndGlobalSection
	GlobalSection(ExtensibilityGlobals) = postSolution
		SolutionGuid = {2E19864E-087B-4113-979B-DCFF757239E5}
	EndGlobalSection
EndGlobal
