
Microsoft Visual Studio Solution File, Format Version 12.00
# Visual Studio 15
VisualStudioVersion = 15.0.26730.16
MinimumVisualStudioVersion = 10.0.40219.1
Project("{FAE04EC0-301F-11D3-BF4B-00C04F79EFBC}") = "FormsExample.Android", "FormsExample\FormsExample.Android\FormsExample.Android.csproj", "{CA3CBB76-163B-4863-9E50-1CC68DBD0211}"
EndProject
Project("{FAE04EC0-301F-11D3-BF4B-00C04F79EFBC}") = "FormsExample", "FormsExample\FormsExample\FormsExample.csproj", "{50CBB629-7D71-4337-9E76-A6F8CE90DD98}"
EndProject
Project("{FAE04EC0-301F-11D3-BF4B-00C04F79EFBC}") = "FormsExample.UWP", "FormsExample\FormsExample.UWP\FormsExample.UWP.csproj", "{105B302B-EC75-4DB4-B5EF-D3CA257A5D14}"
EndProject
Project("{FAE04EC0-301F-11D3-BF4B-00C04F79EFBC}") = "FormsExample.iOS", "FormsExample\FormsExample.iOS\FormsExample.iOS.csproj", "{8AE3528B-8BDE-4055-8852-0AEDC65BA4EC}"
EndProject
Global
	GlobalSection(SolutionConfigurationPlatforms) = preSolution
		Ad-Hoc|Any CPU = Ad-Hoc|Any CPU
		Ad-Hoc|ARM = Ad-Hoc|ARM
		Ad-Hoc|iPhone = Ad-Hoc|iPhone
		Ad-Hoc|iPhoneSimulator = Ad-Hoc|iPhoneSimulator
		Ad-Hoc|x64 = Ad-Hoc|x64
		Ad-Hoc|x86 = Ad-Hoc|x86
		AppStore|Any CPU = AppStore|Any CPU
		AppStore|ARM = AppStore|ARM
		AppStore|iPhone = AppStore|iPhone
		AppStore|iPhoneSimulator = AppStore|iPhoneSimulator
		AppStore|x64 = AppStore|x64
		AppStore|x86 = AppStore|x86
		Debug|Any CPU = Debug|Any CPU
		Debug|ARM = Debug|ARM
		Debug|iPhone = Debug|iPhone
		Debug|iPhoneSimulator = Debug|iPhoneSimulator
		Debug|x64 = Debug|x64
		Debug|x86 = Debug|x86
		Release|Any CPU = Release|Any CPU
		Release|ARM = Release|ARM
		Release|iPhone = Release|iPhone
		Release|iPhoneSimulator = Release|iPhoneSimulator
		Release|x64 = Release|x64
		Release|x86 = Release|x86
	EndGlobalSection
	GlobalSection(ProjectConfigurationPlatforms) = postSolution
		{CA3CBB76-163B-4863-9E50-1CC68DBD0211}.Ad-Hoc|Any CPU.ActiveCfg = Release|Any CPU
		{CA3CBB76-163B-4863-9E50-1CC68DBD0211}.Ad-Hoc|Any CPU.Build.0 = Release|Any CPU
		{CA3CBB76-163B-4863-9E50-1CC68DBD0211}.Ad-Hoc|Any CPU.Deploy.0 = Release|Any CPU
		{CA3CBB76-163B-4863-9E50-1CC68DBD0211}.Ad-Hoc|ARM.ActiveCfg = Release|Any CPU
		{CA3CBB76-163B-4863-9E50-1CC68DBD0211}.Ad-Hoc|ARM.Build.0 = Release|Any CPU
		{CA3CBB76-163B-4863-9E50-1CC68DBD0211}.Ad-Hoc|ARM.Deploy.0 = Release|Any CPU
		{CA3CBB76-163B-4863-9E50-1CC68DBD0211}.Ad-Hoc|iPhone.ActiveCfg = Release|Any CPU
		{CA3CBB76-163B-4863-9E50-1CC68DBD0211}.Ad-Hoc|iPhone.Build.0 = Release|Any CPU
		{CA3CBB76-163B-4863-9E50-1CC68DBD0211}.Ad-Hoc|iPhone.Deploy.0 = Release|Any CPU
		{CA3CBB76-163B-4863-9E50-1CC68DBD0211}.Ad-Hoc|iPhoneSimulator.ActiveCfg = Release|Any CPU
		{CA3CBB76-163B-4863-9E50-1CC68DBD0211}.Ad-Hoc|iPhoneSimulator.Build.0 = Release|Any CPU
		{CA3CBB76-163B-4863-9E50-1CC68DBD0211}.Ad-Hoc|iPhoneSimulator.Deploy.0 = Release|Any CPU
		{CA3CBB76-163B-4863-9E50-1CC68DBD0211}.Ad-Hoc|x64.ActiveCfg = Release|Any CPU
		{CA3CBB76-163B-4863-9E50-1CC68DBD0211}.Ad-Hoc|x64.Build.0 = Release|Any CPU
		{CA3CBB76-163B-4863-9E50-1CC68DBD0211}.Ad-Hoc|x64.Deploy.0 = Release|Any CPU
		{CA3CBB76-163B-4863-9E50-1CC68DBD0211}.Ad-Hoc|x86.ActiveCfg = Release|Any CPU
		{CA3CBB76-163B-4863-9E50-1CC68DBD0211}.Ad-Hoc|x86.Build.0 = Release|Any CPU
		{CA3CBB76-163B-4863-9E50-1CC68DBD0211}.Ad-Hoc|x86.Deploy.0 = Release|Any CPU
		{CA3CBB76-163B-4863-9E50-1CC68DBD0211}.AppStore|Any CPU.ActiveCfg = Release|Any CPU
		{CA3CBB76-163B-4863-9E50-1CC68DBD0211}.AppStore|Any CPU.Build.0 = Release|Any CPU
		{CA3CBB76-163B-4863-9E50-1CC68DBD0211}.AppStore|Any CPU.Deploy.0 = Release|Any CPU
		{CA3CBB76-163B-4863-9E50-1CC68DBD0211}.AppStore|ARM.ActiveCfg = Release|Any CPU
		{CA3CBB76-163B-4863-9E50-1CC68DBD0211}.AppStore|ARM.Build.0 = Release|Any CPU
		{CA3CBB76-163B-4863-9E50-1CC68DBD0211}.AppStore|ARM.Deploy.0 = Release|Any CPU
		{CA3CBB76-163B-4863-9E50-1CC68DBD0211}.AppStore|iPhone.ActiveCfg = Release|Any CPU
		{CA3CBB76-163B-4863-9E50-1CC68DBD0211}.AppStore|iPhone.Build.0 = Release|Any CPU
		{CA3CBB76-163B-4863-9E50-1CC68DBD0211}.AppStore|iPhone.Deploy.0 = Release|Any CPU
		{CA3CBB76-163B-4863-9E50-1CC68DBD0211}.AppStore|iPhoneSimulator.ActiveCfg = Release|Any CPU
		{CA3CBB76-163B-4863-9E50-1CC68DBD0211}.AppStore|iPhoneSimulator.Build.0 = Release|Any CPU
		{CA3CBB76-163B-4863-9E50-1CC68DBD0211}.AppStore|iPhoneSimulator.Deploy.0 = Release|Any CPU
		{CA3CBB76-163B-4863-9E50-1CC68DBD0211}.AppStore|x64.ActiveCfg = Release|Any CPU
		{CA3CBB76-163B-4863-9E50-1CC68DBD0211}.AppStore|x64.Build.0 = Release|Any CPU
		{CA3CBB76-163B-4863-9E50-1CC68DBD0211}.AppStore|x64.Deploy.0 = Release|Any CPU
		{CA3CBB76-163B-4863-9E50-1CC68DBD0211}.AppStore|x86.ActiveCfg = Release|Any CPU
		{CA3CBB76-163B-4863-9E50-1CC68DBD0211}.AppStore|x86.Build.0 = Release|Any CPU
		{CA3CBB76-163B-4863-9E50-1CC68DBD0211}.AppStore|x86.Deploy.0 = Release|Any CPU
		{CA3CBB76-163B-4863-9E50-1CC68DBD0211}.Debug|Any CPU.ActiveCfg = Debug|Any CPU
		{CA3CBB76-163B-4863-9E50-1CC68DBD0211}.Debug|Any CPU.Build.0 = Debug|Any CPU
		{CA3CBB76-163B-4863-9E50-1CC68DBD0211}.Debug|Any CPU.Deploy.0 = Debug|Any CPU
		{CA3CBB76-163B-4863-9E50-1CC68DBD0211}.Debug|ARM.ActiveCfg = Debug|Any CPU
		{CA3CBB76-163B-4863-9E50-1CC68DBD0211}.Debug|ARM.Build.0 = Debug|Any CPU
		{CA3CBB76-163B-4863-9E50-1CC68DBD0211}.Debug|ARM.Deploy.0 = Debug|Any CPU
		{CA3CBB76-163B-4863-9E50-1CC68DBD0211}.Debug|iPhone.ActiveCfg = Debug|Any CPU
		{CA3CBB76-163B-4863-9E50-1CC68DBD0211}.Debug|iPhone.Build.0 = Debug|Any CPU
		{CA3CBB76-163B-4863-9E50-1CC68DBD0211}.Debug|iPhone.Deploy.0 = Debug|Any CPU
		{CA3CBB76-163B-4863-9E50-1CC68DBD0211}.Debug|iPhoneSimulator.ActiveCfg = Debug|Any CPU
		{CA3CBB76-163B-4863-9E50-1CC68DBD0211}.Debug|iPhoneSimulator.Build.0 = Debug|Any CPU
		{CA3CBB76-163B-4863-9E50-1CC68DBD0211}.Debug|iPhoneSimulator.Deploy.0 = Debug|Any CPU
		{CA3CBB76-163B-4863-9E50-1CC68DBD0211}.Debug|x64.ActiveCfg = Debug|Any CPU
		{CA3CBB76-163B-4863-9E50-1CC68DBD0211}.Debug|x64.Build.0 = Debug|Any CPU
		{CA3CBB76-163B-4863-9E50-1CC68DBD0211}.Debug|x64.Deploy.0 = Debug|Any CPU
		{CA3CBB76-163B-4863-9E50-1CC68DBD0211}.Debug|x86.ActiveCfg = Debug|Any CPU
		{CA3CBB76-163B-4863-9E50-1CC68DBD0211}.Debug|x86.Build.0 = Debug|Any CPU
		{CA3CBB76-163B-4863-9E50-1CC68DBD0211}.Debug|x86.Deploy.0 = Debug|Any CPU
		{CA3CBB76-163B-4863-9E50-1CC68DBD0211}.Release|Any CPU.ActiveCfg = Release|Any CPU
		{CA3CBB76-163B-4863-9E50-1CC68DBD0211}.Release|Any CPU.Build.0 = Release|Any CPU
		{CA3CBB76-163B-4863-9E50-1CC68DBD0211}.Release|Any CPU.Deploy.0 = Release|Any CPU
		{CA3CBB76-163B-4863-9E50-1CC68DBD0211}.Release|ARM.ActiveCfg = Release|Any CPU
		{CA3CBB76-163B-4863-9E50-1CC68DBD0211}.Release|ARM.Build.0 = Release|Any CPU
		{CA3CBB76-163B-4863-9E50-1CC68DBD0211}.Release|ARM.Deploy.0 = Release|Any CPU
		{CA3CBB76-163B-4863-9E50-1CC68DBD0211}.Release|iPhone.ActiveCfg = Release|Any CPU
		{CA3CBB76-163B-4863-9E50-1CC68DBD0211}.Release|iPhone.Build.0 = Release|Any CPU
		{CA3CBB76-163B-4863-9E50-1CC68DBD0211}.Release|iPhone.Deploy.0 = Release|Any CPU
		{CA3CBB76-163B-4863-9E50-1CC68DBD0211}.Release|iPhoneSimulator.ActiveCfg = Release|Any CPU
		{CA3CBB76-163B-4863-9E50-1CC68DBD0211}.Release|iPhoneSimulator.Build.0 = Release|Any CPU
		{CA3CBB76-163B-4863-9E50-1CC68DBD0211}.Release|iPhoneSimulator.Deploy.0 = Release|Any CPU
		{CA3CBB76-163B-4863-9E50-1CC68DBD0211}.Release|x64.ActiveCfg = Release|Any CPU
		{CA3CBB76-163B-4863-9E50-1CC68DBD0211}.Release|x64.Build.0 = Release|Any CPU
		{CA3CBB76-163B-4863-9E50-1CC68DBD0211}.Release|x64.Deploy.0 = Release|Any CPU
		{CA3CBB76-163B-4863-9E50-1CC68DBD0211}.Release|x86.ActiveCfg = Release|Any CPU
		{CA3CBB76-163B-4863-9E50-1CC68DBD0211}.Release|x86.Build.0 = Release|Any CPU
		{CA3CBB76-163B-4863-9E50-1CC68DBD0211}.Release|x86.Deploy.0 = Release|Any CPU
		{50CBB629-7D71-4337-9E76-A6F8CE90DD98}.Ad-Hoc|Any CPU.ActiveCfg = Release|Any CPU
		{50CBB629-7D71-4337-9E76-A6F8CE90DD98}.Ad-Hoc|Any CPU.Build.0 = Release|Any CPU
		{50CBB629-7D71-4337-9E76-A6F8CE90DD98}.Ad-Hoc|ARM.ActiveCfg = Release|Any CPU
		{50CBB629-7D71-4337-9E76-A6F8CE90DD98}.Ad-Hoc|ARM.Build.0 = Release|Any CPU
		{50CBB629-7D71-4337-9E76-A6F8CE90DD98}.Ad-Hoc|iPhone.ActiveCfg = Release|Any CPU
		{50CBB629-7D71-4337-9E76-A6F8CE90DD98}.Ad-Hoc|iPhone.Build.0 = Release|Any CPU
		{50CBB629-7D71-4337-9E76-A6F8CE90DD98}.Ad-Hoc|iPhoneSimulator.ActiveCfg = Release|Any CPU
		{50CBB629-7D71-4337-9E76-A6F8CE90DD98}.Ad-Hoc|iPhoneSimulator.Build.0 = Release|Any CPU
		{50CBB629-7D71-4337-9E76-A6F8CE90DD98}.Ad-Hoc|x64.ActiveCfg = Release|Any CPU
		{50CBB629-7D71-4337-9E76-A6F8CE90DD98}.Ad-Hoc|x64.Build.0 = Release|Any CPU
		{50CBB629-7D71-4337-9E76-A6F8CE90DD98}.Ad-Hoc|x86.ActiveCfg = Release|Any CPU
		{50CBB629-7D71-4337-9E76-A6F8CE90DD98}.Ad-Hoc|x86.Build.0 = Release|Any CPU
		{50CBB629-7D71-4337-9E76-A6F8CE90DD98}.AppStore|Any CPU.ActiveCfg = Release|Any CPU
		{50CBB629-7D71-4337-9E76-A6F8CE90DD98}.AppStore|Any CPU.Build.0 = Release|Any CPU
		{50CBB629-7D71-4337-9E76-A6F8CE90DD98}.AppStore|ARM.ActiveCfg = Release|Any CPU
		{50CBB629-7D71-4337-9E76-A6F8CE90DD98}.AppStore|ARM.Build.0 = Release|Any CPU
		{50CBB629-7D71-4337-9E76-A6F8CE90DD98}.AppStore|iPhone.ActiveCfg = Release|Any CPU
		{50CBB629-7D71-4337-9E76-A6F8CE90DD98}.AppStore|iPhone.Build.0 = Release|Any CPU
		{50CBB629-7D71-4337-9E76-A6F8CE90DD98}.AppStore|iPhoneSimulator.ActiveCfg = Release|Any CPU
		{50CBB629-7D71-4337-9E76-A6F8CE90DD98}.AppStore|iPhoneSimulator.Build.0 = Release|Any CPU
		{50CBB629-7D71-4337-9E76-A6F8CE90DD98}.AppStore|x64.ActiveCfg = Release|Any CPU
		{50CBB629-7D71-4337-9E76-A6F8CE90DD98}.AppStore|x64.Build.0 = Release|Any CPU
		{50CBB629-7D71-4337-9E76-A6F8CE90DD98}.AppStore|x86.ActiveCfg = Release|Any CPU
		{50CBB629-7D71-4337-9E76-A6F8CE90DD98}.AppStore|x86.Build.0 = Release|Any CPU
		{50CBB629-7D71-4337-9E76-A6F8CE90DD98}.Debug|Any CPU.ActiveCfg = Debug|Any CPU
		{50CBB629-7D71-4337-9E76-A6F8CE90DD98}.Debug|Any CPU.Build.0 = Debug|Any CPU
		{50CBB629-7D71-4337-9E76-A6F8CE90DD98}.Debug|ARM.ActiveCfg = Debug|Any CPU
		{50CBB629-7D71-4337-9E76-A6F8CE90DD98}.Debug|ARM.Build.0 = Debug|Any CPU
		{50CBB629-7D71-4337-9E76-A6F8CE90DD98}.Debug|iPhone.ActiveCfg = Debug|Any CPU
		{50CBB629-7D71-4337-9E76-A6F8CE90DD98}.Debug|iPhone.Build.0 = Debug|Any CPU
		{50CBB629-7D71-4337-9E76-A6F8CE90DD98}.Debug|iPhoneSimulator.ActiveCfg = Debug|Any CPU
		{50CBB629-7D71-4337-9E76-A6F8CE90DD98}.Debug|iPhoneSimulator.Build.0 = Debug|Any CPU
		{50CBB629-7D71-4337-9E76-A6F8CE90DD98}.Debug|x64.ActiveCfg = Debug|Any CPU
		{50CBB629-7D71-4337-9E76-A6F8CE90DD98}.Debug|x64.Build.0 = Debug|Any CPU
		{50CBB629-7D71-4337-9E76-A6F8CE90DD98}.Debug|x86.ActiveCfg = Debug|Any CPU
		{50CBB629-7D71-4337-9E76-A6F8CE90DD98}.Debug|x86.Build.0 = Debug|Any CPU
		{50CBB629-7D71-4337-9E76-A6F8CE90DD98}.Release|Any CPU.ActiveCfg = Release|Any CPU
		{50CBB629-7D71-4337-9E76-A6F8CE90DD98}.Release|Any CPU.Build.0 = Release|Any CPU
		{50CBB629-7D71-4337-9E76-A6F8CE90DD98}.Release|ARM.ActiveCfg = Release|Any CPU
		{50CBB629-7D71-4337-9E76-A6F8CE90DD98}.Release|ARM.Build.0 = Release|Any CPU
		{50CBB629-7D71-4337-9E76-A6F8CE90DD98}.Release|iPhone.ActiveCfg = Release|Any CPU
		{50CBB629-7D71-4337-9E76-A6F8CE90DD98}.Release|iPhone.Build.0 = Release|Any CPU
		{50CBB629-7D71-4337-9E76-A6F8CE90DD98}.Release|iPhoneSimulator.ActiveCfg = Release|Any CPU
		{50CBB629-7D71-4337-9E76-A6F8CE90DD98}.Release|iPhoneSimulator.Build.0 = Release|Any CPU
		{50CBB629-7D71-4337-9E76-A6F8CE90DD98}.Release|x64.ActiveCfg = Release|Any CPU
		{50CBB629-7D71-4337-9E76-A6F8CE90DD98}.Release|x64.Build.0 = Release|Any CPU
		{50CBB629-7D71-4337-9E76-A6F8CE90DD98}.Release|x86.ActiveCfg = Release|Any CPU
		{50CBB629-7D71-4337-9E76-A6F8CE90DD98}.Release|x86.Build.0 = Release|Any CPU
		{105B302B-EC75-4DB4-B5EF-D3CA257A5D14}.Ad-Hoc|Any CPU.ActiveCfg = Release|x86
		{105B302B-EC75-4DB4-B5EF-D3CA257A5D14}.Ad-Hoc|Any CPU.Build.0 = Release|x86
		{105B302B-EC75-4DB4-B5EF-D3CA257A5D14}.Ad-Hoc|Any CPU.Deploy.0 = Release|x86
		{105B302B-EC75-4DB4-B5EF-D3CA257A5D14}.Ad-Hoc|ARM.ActiveCfg = Release|ARM
		{105B302B-EC75-4DB4-B5EF-D3CA257A5D14}.Ad-Hoc|ARM.Build.0 = Release|ARM
		{105B302B-EC75-4DB4-B5EF-D3CA257A5D14}.Ad-Hoc|ARM.Deploy.0 = Release|ARM
		{105B302B-EC75-4DB4-B5EF-D3CA257A5D14}.Ad-Hoc|iPhone.ActiveCfg = Release|x86
		{105B302B-EC75-4DB4-B5EF-D3CA257A5D14}.Ad-Hoc|iPhone.Build.0 = Release|x86
		{105B302B-EC75-4DB4-B5EF-D3CA257A5D14}.Ad-Hoc|iPhone.Deploy.0 = Release|x86
		{105B302B-EC75-4DB4-B5EF-D3CA257A5D14}.Ad-Hoc|iPhoneSimulator.ActiveCfg = Release|x86
		{105B302B-EC75-4DB4-B5EF-D3CA257A5D14}.Ad-Hoc|iPhoneSimulator.Build.0 = Release|x86
		{105B302B-EC75-4DB4-B5EF-D3CA257A5D14}.Ad-Hoc|iPhoneSimulator.Deploy.0 = Release|x86
		{105B302B-EC75-4DB4-B5EF-D3CA257A5D14}.Ad-Hoc|x64.ActiveCfg = Release|x64
		{105B302B-EC75-4DB4-B5EF-D3CA257A5D14}.Ad-Hoc|x64.Build.0 = Release|x64
		{105B302B-EC75-4DB4-B5EF-D3CA257A5D14}.Ad-Hoc|x64.Deploy.0 = Release|x64
		{105B302B-EC75-4DB4-B5EF-D3CA257A5D14}.Ad-Hoc|x86.ActiveCfg = Release|x86
		{105B302B-EC75-4DB4-B5EF-D3CA257A5D14}.Ad-Hoc|x86.Build.0 = Release|x86
		{105B302B-EC75-4DB4-B5EF-D3CA257A5D14}.Ad-Hoc|x86.Deploy.0 = Release|x86
		{105B302B-EC75-4DB4-B5EF-D3CA257A5D14}.AppStore|Any CPU.ActiveCfg = Release|x86
		{105B302B-EC75-4DB4-B5EF-D3CA257A5D14}.AppStore|Any CPU.Build.0 = Release|x86
		{105B302B-EC75-4DB4-B5EF-D3CA257A5D14}.AppStore|Any CPU.Deploy.0 = Release|x86
		{105B302B-EC75-4DB4-B5EF-D3CA257A5D14}.AppStore|ARM.ActiveCfg = Release|ARM
		{105B302B-EC75-4DB4-B5EF-D3CA257A5D14}.AppStore|ARM.Build.0 = Release|ARM
		{105B302B-EC75-4DB4-B5EF-D3CA257A5D14}.AppStore|ARM.Deploy.0 = Release|ARM
		{105B302B-EC75-4DB4-B5EF-D3CA257A5D14}.AppStore|iPhone.ActiveCfg = Release|x86
		{105B302B-EC75-4DB4-B5EF-D3CA257A5D14}.AppStore|iPhone.Build.0 = Release|x86
		{105B302B-EC75-4DB4-B5EF-D3CA257A5D14}.AppStore|iPhone.Deploy.0 = Release|x86
		{105B302B-EC75-4DB4-B5EF-D3CA257A5D14}.AppStore|iPhoneSimulator.ActiveCfg = Release|x86
		{105B302B-EC75-4DB4-B5EF-D3CA257A5D14}.AppStore|iPhoneSimulator.Build.0 = Release|x86
		{105B302B-EC75-4DB4-B5EF-D3CA257A5D14}.AppStore|iPhoneSimulator.Deploy.0 = Release|x86
		{105B302B-EC75-4DB4-B5EF-D3CA257A5D14}.AppStore|x64.ActiveCfg = Release|x64
		{105B302B-EC75-4DB4-B5EF-D3CA257A5D14}.AppStore|x64.Build.0 = Release|x64
		{105B302B-EC75-4DB4-B5EF-D3CA257A5D14}.AppStore|x64.Deploy.0 = Release|x64
		{105B302B-EC75-4DB4-B5EF-D3CA257A5D14}.AppStore|x86.ActiveCfg = Release|x86
		{105B302B-EC75-4DB4-B5EF-D3CA257A5D14}.AppStore|x86.Build.0 = Release|x86
		{105B302B-EC75-4DB4-B5EF-D3CA257A5D14}.AppStore|x86.Deploy.0 = Release|x86
		{105B302B-EC75-4DB4-B5EF-D3CA257A5D14}.Debug|Any CPU.ActiveCfg = Debug|x86
		{105B302B-EC75-4DB4-B5EF-D3CA257A5D14}.Debug|ARM.ActiveCfg = Debug|ARM
		{105B302B-EC75-4DB4-B5EF-D3CA257A5D14}.Debug|ARM.Build.0 = Debug|ARM
		{105B302B-EC75-4DB4-B5EF-D3CA257A5D14}.Debug|ARM.Deploy.0 = Debug|ARM
		{105B302B-EC75-4DB4-B5EF-D3CA257A5D14}.Debug|iPhone.ActiveCfg = Debug|x86
		{105B302B-EC75-4DB4-B5EF-D3CA257A5D14}.Debug|iPhoneSimulator.ActiveCfg = Debug|x86
		{105B302B-EC75-4DB4-B5EF-D3CA257A5D14}.Debug|x64.ActiveCfg = Debug|x64
		{105B302B-EC75-4DB4-B5EF-D3CA257A5D14}.Debug|x64.Build.0 = Debug|x64
		{105B302B-EC75-4DB4-B5EF-D3CA257A5D14}.Debug|x64.Deploy.0 = Debug|x64
		{105B302B-EC75-4DB4-B5EF-D3CA257A5D14}.Debug|x86.ActiveCfg = Debug|x86
		{105B302B-EC75-4DB4-B5EF-D3CA257A5D14}.Debug|x86.Build.0 = Debug|x86
		{105B302B-EC75-4DB4-B5EF-D3CA257A5D14}.Debug|x86.Deploy.0 = Debug|x86
		{105B302B-EC75-4DB4-B5EF-D3CA257A5D14}.Release|Any CPU.ActiveCfg = Release|x86
		{105B302B-EC75-4DB4-B5EF-D3CA257A5D14}.Release|ARM.ActiveCfg = Release|ARM
		{105B302B-EC75-4DB4-B5EF-D3CA257A5D14}.Release|ARM.Build.0 = Release|ARM
		{105B302B-EC75-4DB4-B5EF-D3CA257A5D14}.Release|ARM.Deploy.0 = Release|ARM
		{105B302B-EC75-4DB4-B5EF-D3CA257A5D14}.Release|iPhone.ActiveCfg = Release|x86
		{105B302B-EC75-4DB4-B5EF-D3CA257A5D14}.Release|iPhoneSimulator.ActiveCfg = Release|x86
		{105B302B-EC75-4DB4-B5EF-D3CA257A5D14}.Release|x64.ActiveCfg = Release|x64
		{105B302B-EC75-4DB4-B5EF-D3CA257A5D14}.Release|x64.Build.0 = Release|x64
		{105B302B-EC75-4DB4-B5EF-D3CA257A5D14}.Release|x64.Deploy.0 = Release|x64
		{105B302B-EC75-4DB4-B5EF-D3CA257A5D14}.Release|x86.ActiveCfg = Release|x86
		{105B302B-EC75-4DB4-B5EF-D3CA257A5D14}.Release|x86.Build.0 = Release|x86
		{105B302B-EC75-4DB4-B5EF-D3CA257A5D14}.Release|x86.Deploy.0 = Release|x86
		{8AE3528B-8BDE-4055-8852-0AEDC65BA4EC}.Ad-Hoc|Any CPU.ActiveCfg = Ad-Hoc|iPhone
		{8AE3528B-8BDE-4055-8852-0AEDC65BA4EC}.Ad-Hoc|ARM.ActiveCfg = Ad-Hoc|iPhone
		{8AE3528B-8BDE-4055-8852-0AEDC65BA4EC}.Ad-Hoc|iPhone.ActiveCfg = Ad-Hoc|iPhone
		{8AE3528B-8BDE-4055-8852-0AEDC65BA4EC}.Ad-Hoc|iPhone.Build.0 = Ad-Hoc|iPhone
		{8AE3528B-8BDE-4055-8852-0AEDC65BA4EC}.Ad-Hoc|iPhoneSimulator.ActiveCfg = Ad-Hoc|iPhoneSimulator
		{8AE3528B-8BDE-4055-8852-0AEDC65BA4EC}.Ad-Hoc|iPhoneSimulator.Build.0 = Ad-Hoc|iPhoneSimulator
		{8AE3528B-8BDE-4055-8852-0AEDC65BA4EC}.Ad-Hoc|x64.ActiveCfg = Ad-Hoc|iPhone
		{8AE3528B-8BDE-4055-8852-0AEDC65BA4EC}.Ad-Hoc|x86.ActiveCfg = Ad-Hoc|iPhone
		{8AE3528B-8BDE-4055-8852-0AEDC65BA4EC}.AppStore|Any CPU.ActiveCfg = AppStore|iPhone
		{8AE3528B-8BDE-4055-8852-0AEDC65BA4EC}.AppStore|ARM.ActiveCfg = AppStore|iPhone
		{8AE3528B-8BDE-4055-8852-0AEDC65BA4EC}.AppStore|iPhone.ActiveCfg = AppStore|iPhone
		{8AE3528B-8BDE-4055-8852-0AEDC65BA4EC}.AppStore|iPhone.Build.0 = AppStore|iPhone
		{8AE3528B-8BDE-4055-8852-0AEDC65BA4EC}.AppStore|iPhoneSimulator.ActiveCfg = AppStore|iPhoneSimulator
		{8AE3528B-8BDE-4055-8852-0AEDC65BA4EC}.AppStore|iPhoneSimulator.Build.0 = AppStore|iPhoneSimulator
		{8AE3528B-8BDE-4055-8852-0AEDC65BA4EC}.AppStore|x64.ActiveCfg = AppStore|iPhone
		{8AE3528B-8BDE-4055-8852-0AEDC65BA4EC}.AppStore|x86.ActiveCfg = AppStore|iPhone
		{8AE3528B-8BDE-4055-8852-0AEDC65BA4EC}.Debug|Any CPU.ActiveCfg = Debug|iPhone
		{8AE3528B-8BDE-4055-8852-0AEDC65BA4EC}.Debug|ARM.ActiveCfg = Debug|iPhone
		{8AE3528B-8BDE-4055-8852-0AEDC65BA4EC}.Debug|iPhone.ActiveCfg = Debug|iPhone
		{8AE3528B-8BDE-4055-8852-0AEDC65BA4EC}.Debug|iPhone.Build.0 = Debug|iPhone
		{8AE3528B-8BDE-4055-8852-0AEDC65BA4EC}.Debug|iPhoneSimulator.ActiveCfg = Debug|iPhoneSimulator
		{8AE3528B-8BDE-4055-8852-0AEDC65BA4EC}.Debug|iPhoneSimulator.Build.0 = Debug|iPhoneSimulator
		{8AE3528B-8BDE-4055-8852-0AEDC65BA4EC}.Debug|x64.ActiveCfg = Debug|iPhone
		{8AE3528B-8BDE-4055-8852-0AEDC65BA4EC}.Debug|x86.ActiveCfg = Debug|iPhone
		{8AE3528B-8BDE-4055-8852-0AEDC65BA4EC}.Release|Any CPU.ActiveCfg = Release|iPhone
		{8AE3528B-8BDE-4055-8852-0AEDC65BA4EC}.Release|ARM.ActiveCfg = Release|iPhone
		{8AE3528B-8BDE-4055-8852-0AEDC65BA4EC}.Release|iPhone.ActiveCfg = Release|iPhone
		{8AE3528B-8BDE-4055-8852-0AEDC65BA4EC}.Release|iPhone.Build.0 = Release|iPhone
		{8AE3528B-8BDE-4055-8852-0AEDC65BA4EC}.Release|iPhoneSimulator.ActiveCfg = Release|iPhoneSimulator
		{8AE3528B-8BDE-4055-8852-0AEDC65BA4EC}.Release|iPhoneSimulator.Build.0 = Release|iPhoneSimulator
		{8AE3528B-8BDE-4055-8852-0AEDC65BA4EC}.Release|x64.ActiveCfg = Release|iPhone
		{8AE3528B-8BDE-4055-8852-0AEDC65BA4EC}.Release|x86.ActiveCfg = Release|iPhone
	EndGlobalSection
	GlobalSection(SolutionProperties) = preSolution
		HideSolutionNode = FALSE
	EndGlobalSection
	GlobalSection(ExtensibilityGlobals) = postSolution
		SolutionGuid = {344606D7-67DF-48D3-BD10-8FF1DCCBA76A}
	EndGlobalSection
EndGlobal
