
Microsoft Visual Studio Solution File, Format Version 12.00
# Visual Studio 15
VisualStudioVersion = 15.0.27703.2047
MinimumVisualStudioVersion = 10.0.40219.1
Project("{FAE04EC0-301F-11D3-BF4B-00C04F79EFBC}") = "WFAdoNet.Android", "WFAdoNet\WFAdoNet.Android\WFAdoNet.Android.csproj", "{03DBC57D-6641-460B-B380-E0D59168EF18}"
EndProject
Project("{FAE04EC0-301F-11D3-BF4B-00C04F79EFBC}") = "WFAdoNet.iOS", "WFAdoNet\WFAdoNet.iOS\WFAdoNet.iOS.csproj", "{E3FFE4D8-5009-4566-A628-7A9F090A1B2C}"
EndProject
Project("{FAE04EC0-301F-11D3-BF4B-00C04F79EFBC}") = "WFAdoNet", "WFAdoNet\WFAdoNet\WFAdoNet.csproj", "{8CCB3E3E-94F4-4791-AEE6-0F06FE990FFF}"
EndProject
Global
	GlobalSection(SolutionConfigurationPlatforms) = preSolution
		Ad-Hoc|Any CPU = Ad-Hoc|Any CPU
		Ad-Hoc|iPhone = Ad-Hoc|iPhone
		Ad-Hoc|iPhoneSimulator = Ad-Hoc|iPhoneSimulator
		AppStore|Any CPU = AppStore|Any CPU
		AppStore|iPhone = AppStore|iPhone
		AppStore|iPhoneSimulator = AppStore|iPhoneSimulator
		Debug|Any CPU = Debug|Any CPU
		Debug|iPhone = Debug|iPhone
		Debug|iPhoneSimulator = Debug|iPhoneSimulator
		Release|Any CPU = Release|Any CPU
		Release|iPhone = Release|iPhone
		Release|iPhoneSimulator = Release|iPhoneSimulator
	EndGlobalSection
	GlobalSection(ProjectConfigurationPlatforms) = postSolution
		{03DBC57D-6641-460B-B380-E0D59168EF18}.Ad-Hoc|Any CPU.ActiveCfg = Release|Any CPU
		{03DBC57D-6641-460B-B380-E0D59168EF18}.Ad-Hoc|Any CPU.Build.0 = Release|Any CPU
		{03DBC57D-6641-460B-B380-E0D59168EF18}.Ad-Hoc|Any CPU.Deploy.0 = Release|Any CPU
		{03DBC57D-6641-460B-B380-E0D59168EF18}.Ad-Hoc|iPhone.ActiveCfg = Release|Any CPU
		{03DBC57D-6641-460B-B380-E0D59168EF18}.Ad-Hoc|iPhone.Build.0 = Release|Any CPU
		{03DBC57D-6641-460B-B380-E0D59168EF18}.Ad-Hoc|iPhone.Deploy.0 = Release|Any CPU
		{03DBC57D-6641-460B-B380-E0D59168EF18}.Ad-Hoc|iPhoneSimulator.ActiveCfg = Release|Any CPU
		{03DBC57D-6641-460B-B380-E0D59168EF18}.Ad-Hoc|iPhoneSimulator.Build.0 = Release|Any CPU
		{03DBC57D-6641-460B-B380-E0D59168EF18}.Ad-Hoc|iPhoneSimulator.Deploy.0 = Release|Any CPU
		{03DBC57D-6641-460B-B380-E0D59168EF18}.AppStore|Any CPU.ActiveCfg = Release|Any CPU
		{03DBC57D-6641-460B-B380-E0D59168EF18}.AppStore|Any CPU.Build.0 = Release|Any CPU
		{03DBC57D-6641-460B-B380-E0D59168EF18}.AppStore|Any CPU.Deploy.0 = Release|Any CPU
		{03DBC57D-6641-460B-B380-E0D59168EF18}.AppStore|iPhone.ActiveCfg = Release|Any CPU
		{03DBC57D-6641-460B-B380-E0D59168EF18}.AppStore|iPhone.Build.0 = Release|Any CPU
		{03DBC57D-6641-460B-B380-E0D59168EF18}.AppStore|iPhone.Deploy.0 = Release|Any CPU
		{03DBC57D-6641-460B-B380-E0D59168EF18}.AppStore|iPhoneSimulator.ActiveCfg = Release|Any CPU
		{03DBC57D-6641-460B-B380-E0D59168EF18}.AppStore|iPhoneSimulator.Build.0 = Release|Any CPU
		{03DBC57D-6641-460B-B380-E0D59168EF18}.AppStore|iPhoneSimulator.Deploy.0 = Release|Any CPU
		{03DBC57D-6641-460B-B380-E0D59168EF18}.Debug|Any CPU.ActiveCfg = Debug|Any CPU
		{03DBC57D-6641-460B-B380-E0D59168EF18}.Debug|Any CPU.Build.0 = Debug|Any CPU
		{03DBC57D-6641-460B-B380-E0D59168EF18}.Debug|Any CPU.Deploy.0 = Debug|Any CPU
		{03DBC57D-6641-460B-B380-E0D59168EF18}.Debug|iPhone.ActiveCfg = Debug|Any CPU
		{03DBC57D-6641-460B-B380-E0D59168EF18}.Debug|iPhone.Build.0 = Debug|Any CPU
		{03DBC57D-6641-460B-B380-E0D59168EF18}.Debug|iPhone.Deploy.0 = Debug|Any CPU
		{03DBC57D-6641-460B-B380-E0D59168EF18}.Debug|iPhoneSimulator.ActiveCfg = Debug|Any CPU
		{03DBC57D-6641-460B-B380-E0D59168EF18}.Debug|iPhoneSimulator.Build.0 = Debug|Any CPU
		{03DBC57D-6641-460B-B380-E0D59168EF18}.Debug|iPhoneSimulator.Deploy.0 = Debug|Any CPU
		{03DBC57D-6641-460B-B380-E0D59168EF18}.Release|Any CPU.ActiveCfg = Release|Any CPU
		{03DBC57D-6641-460B-B380-E0D59168EF18}.Release|Any CPU.Build.0 = Release|Any CPU
		{03DBC57D-6641-460B-B380-E0D59168EF18}.Release|Any CPU.Deploy.0 = Release|Any CPU
		{03DBC57D-6641-460B-B380-E0D59168EF18}.Release|iPhone.ActiveCfg = Release|Any CPU
		{03DBC57D-6641-460B-B380-E0D59168EF18}.Release|iPhone.Build.0 = Release|Any CPU
		{03DBC57D-6641-460B-B380-E0D59168EF18}.Release|iPhone.Deploy.0 = Release|Any CPU
		{03DBC57D-6641-460B-B380-E0D59168EF18}.Release|iPhoneSimulator.ActiveCfg = Release|Any CPU
		{03DBC57D-6641-460B-B380-E0D59168EF18}.Release|iPhoneSimulator.Build.0 = Release|Any CPU
		{03DBC57D-6641-460B-B380-E0D59168EF18}.Release|iPhoneSimulator.Deploy.0 = Release|Any CPU
		{E3FFE4D8-5009-4566-A628-7A9F090A1B2C}.Ad-Hoc|Any CPU.ActiveCfg = Ad-Hoc|iPhone
		{E3FFE4D8-5009-4566-A628-7A9F090A1B2C}.Ad-Hoc|Any CPU.Build.0 = Ad-Hoc|iPhone
		{E3FFE4D8-5009-4566-A628-7A9F090A1B2C}.Ad-Hoc|Any CPU.Deploy.0 = Ad-Hoc|iPhone
		{E3FFE4D8-5009-4566-A628-7A9F090A1B2C}.Ad-Hoc|iPhone.ActiveCfg = Ad-Hoc|iPhone
		{E3FFE4D8-5009-4566-A628-7A9F090A1B2C}.Ad-Hoc|iPhone.Build.0 = Ad-Hoc|iPhone
		{E3FFE4D8-5009-4566-A628-7A9F090A1B2C}.Ad-Hoc|iPhone.Deploy.0 = Ad-Hoc|iPhone
		{E3FFE4D8-5009-4566-A628-7A9F090A1B2C}.Ad-Hoc|iPhoneSimulator.ActiveCfg = Ad-Hoc|iPhoneSimulator
		{E3FFE4D8-5009-4566-A628-7A9F090A1B2C}.Ad-Hoc|iPhoneSimulator.Build.0 = Ad-Hoc|iPhoneSimulator
		{E3FFE4D8-5009-4566-A628-7A9F090A1B2C}.Ad-Hoc|iPhoneSimulator.Deploy.0 = Ad-Hoc|iPhoneSimulator
		{E3FFE4D8-5009-4566-A628-7A9F090A1B2C}.AppStore|Any CPU.ActiveCfg = AppStore|iPhone
		{E3FFE4D8-5009-4566-A628-7A9F090A1B2C}.AppStore|Any CPU.Build.0 = AppStore|iPhone
		{E3FFE4D8-5009-4566-A628-7A9F090A1B2C}.AppStore|Any CPU.Deploy.0 = AppStore|iPhone
		{E3FFE4D8-5009-4566-A628-7A9F090A1B2C}.AppStore|iPhone.ActiveCfg = AppStore|iPhone
		{E3FFE4D8-5009-4566-A628-7A9F090A1B2C}.AppStore|iPhone.Build.0 = AppStore|iPhone
		{E3FFE4D8-5009-4566-A628-7A9F090A1B2C}.AppStore|iPhone.Deploy.0 = AppStore|iPhone
		{E3FFE4D8-5009-4566-A628-7A9F090A1B2C}.AppStore|iPhoneSimulator.ActiveCfg = AppStore|iPhoneSimulator
		{E3FFE4D8-5009-4566-A628-7A9F090A1B2C}.AppStore|iPhoneSimulator.Build.0 = AppStore|iPhoneSimulator
		{E3FFE4D8-5009-4566-A628-7A9F090A1B2C}.AppStore|iPhoneSimulator.Deploy.0 = AppStore|iPhoneSimulator
		{E3FFE4D8-5009-4566-A628-7A9F090A1B2C}.Debug|Any CPU.ActiveCfg = Debug|iPhoneSimulator
		{E3FFE4D8-5009-4566-A628-7A9F090A1B2C}.Debug|Any CPU.Build.0 = Debug|iPhoneSimulator
		{E3FFE4D8-5009-4566-A628-7A9F090A1B2C}.Debug|Any CPU.Deploy.0 = Debug|iPhoneSimulator
		{E3FFE4D8-5009-4566-A628-7A9F090A1B2C}.Debug|iPhone.ActiveCfg = Debug|iPhone
		{E3FFE4D8-5009-4566-A628-7A9F090A1B2C}.Debug|iPhone.Build.0 = Debug|iPhone
		{E3FFE4D8-5009-4566-A628-7A9F090A1B2C}.Debug|iPhone.Deploy.0 = Debug|iPhone
		{E3FFE4D8-5009-4566-A628-7A9F090A1B2C}.Debug|iPhoneSimulator.ActiveCfg = Debug|iPhoneSimulator
		{E3FFE4D8-5009-4566-A628-7A9F090A1B2C}.Debug|iPhoneSimulator.Build.0 = Debug|iPhoneSimulator
		{E3FFE4D8-5009-4566-A628-7A9F090A1B2C}.Debug|iPhoneSimulator.Deploy.0 = Debug|iPhoneSimulator
		{E3FFE4D8-5009-4566-A628-7A9F090A1B2C}.Release|Any CPU.ActiveCfg = Release|iPhone
		{E3FFE4D8-5009-4566-A628-7A9F090A1B2C}.Release|Any CPU.Build.0 = Release|iPhone
		{E3FFE4D8-5009-4566-A628-7A9F090A1B2C}.Release|Any CPU.Deploy.0 = Release|iPhone
		{E3FFE4D8-5009-4566-A628-7A9F090A1B2C}.Release|iPhone.ActiveCfg = Release|iPhone
		{E3FFE4D8-5009-4566-A628-7A9F090A1B2C}.Release|iPhone.Build.0 = Release|iPhone
		{E3FFE4D8-5009-4566-A628-7A9F090A1B2C}.Release|iPhone.Deploy.0 = Release|iPhone
		{E3FFE4D8-5009-4566-A628-7A9F090A1B2C}.Release|iPhoneSimulator.ActiveCfg = Release|iPhoneSimulator
		{E3FFE4D8-5009-4566-A628-7A9F090A1B2C}.Release|iPhoneSimulator.Build.0 = Release|iPhoneSimulator
		{E3FFE4D8-5009-4566-A628-7A9F090A1B2C}.Release|iPhoneSimulator.Deploy.0 = Release|iPhoneSimulator
		{8CCB3E3E-94F4-4791-AEE6-0F06FE990FFF}.Ad-Hoc|Any CPU.ActiveCfg = Debug|Any CPU
		{8CCB3E3E-94F4-4791-AEE6-0F06FE990FFF}.Ad-Hoc|Any CPU.Build.0 = Debug|Any CPU
		{8CCB3E3E-94F4-4791-AEE6-0F06FE990FFF}.Ad-Hoc|Any CPU.Deploy.0 = Debug|Any CPU
		{8CCB3E3E-94F4-4791-AEE6-0F06FE990FFF}.Ad-Hoc|iPhone.ActiveCfg = Debug|Any CPU
		{8CCB3E3E-94F4-4791-AEE6-0F06FE990FFF}.Ad-Hoc|iPhone.Build.0 = Debug|Any CPU
		{8CCB3E3E-94F4-4791-AEE6-0F06FE990FFF}.Ad-Hoc|iPhone.Deploy.0 = Debug|Any CPU
		{8CCB3E3E-94F4-4791-AEE6-0F06FE990FFF}.Ad-Hoc|iPhoneSimulator.ActiveCfg = Debug|Any CPU
		{8CCB3E3E-94F4-4791-AEE6-0F06FE990FFF}.Ad-Hoc|iPhoneSimulator.Build.0 = Debug|Any CPU
		{8CCB3E3E-94F4-4791-AEE6-0F06FE990FFF}.Ad-Hoc|iPhoneSimulator.Deploy.0 = Debug|Any CPU
		{8CCB3E3E-94F4-4791-AEE6-0F06FE990FFF}.AppStore|Any CPU.ActiveCfg = Debug|Any CPU
		{8CCB3E3E-94F4-4791-AEE6-0F06FE990FFF}.AppStore|Any CPU.Build.0 = Debug|Any CPU
		{8CCB3E3E-94F4-4791-AEE6-0F06FE990FFF}.AppStore|Any CPU.Deploy.0 = Debug|Any CPU
		{8CCB3E3E-94F4-4791-AEE6-0F06FE990FFF}.AppStore|iPhone.ActiveCfg = Debug|Any CPU
		{8CCB3E3E-94F4-4791-AEE6-0F06FE990FFF}.AppStore|iPhone.Build.0 = Debug|Any CPU
		{8CCB3E3E-94F4-4791-AEE6-0F06FE990FFF}.AppStore|iPhone.Deploy.0 = Debug|Any CPU
		{8CCB3E3E-94F4-4791-AEE6-0F06FE990FFF}.AppStore|iPhoneSimulator.ActiveCfg = Debug|Any CPU
		{8CCB3E3E-94F4-4791-AEE6-0F06FE990FFF}.AppStore|iPhoneSimulator.Build.0 = Debug|Any CPU
		{8CCB3E3E-94F4-4791-AEE6-0F06FE990FFF}.AppStore|iPhoneSimulator.Deploy.0 = Debug|Any CPU
		{8CCB3E3E-94F4-4791-AEE6-0F06FE990FFF}.Debug|Any CPU.ActiveCfg = Debug|Any CPU
		{8CCB3E3E-94F4-4791-AEE6-0F06FE990FFF}.Debug|Any CPU.Build.0 = Debug|Any CPU
		{8CCB3E3E-94F4-4791-AEE6-0F06FE990FFF}.Debug|Any CPU.Deploy.0 = Debug|Any CPU
		{8CCB3E3E-94F4-4791-AEE6-0F06FE990FFF}.Debug|iPhone.ActiveCfg = Debug|Any CPU
		{8CCB3E3E-94F4-4791-AEE6-0F06FE990FFF}.Debug|iPhone.Build.0 = Debug|Any CPU
		{8CCB3E3E-94F4-4791-AEE6-0F06FE990FFF}.Debug|iPhone.Deploy.0 = Debug|Any CPU
		{8CCB3E3E-94F4-4791-AEE6-0F06FE990FFF}.Debug|iPhoneSimulator.ActiveCfg = Debug|Any CPU
		{8CCB3E3E-94F4-4791-AEE6-0F06FE990FFF}.Debug|iPhoneSimulator.Build.0 = Debug|Any CPU
		{8CCB3E3E-94F4-4791-AEE6-0F06FE990FFF}.Debug|iPhoneSimulator.Deploy.0 = Debug|Any CPU
		{8CCB3E3E-94F4-4791-AEE6-0F06FE990FFF}.Release|Any CPU.ActiveCfg = Release|Any CPU
		{8CCB3E3E-94F4-4791-AEE6-0F06FE990FFF}.Release|Any CPU.Build.0 = Release|Any CPU
		{8CCB3E3E-94F4-4791-AEE6-0F06FE990FFF}.Release|Any CPU.Deploy.0 = Release|Any CPU
		{8CCB3E3E-94F4-4791-AEE6-0F06FE990FFF}.Release|iPhone.ActiveCfg = Release|Any CPU
		{8CCB3E3E-94F4-4791-AEE6-0F06FE990FFF}.Release|iPhone.Build.0 = Release|Any CPU
		{8CCB3E3E-94F4-4791-AEE6-0F06FE990FFF}.Release|iPhone.Deploy.0 = Release|Any CPU
		{8CCB3E3E-94F4-4791-AEE6-0F06FE990FFF}.Release|iPhoneSimulator.ActiveCfg = Release|Any CPU
		{8CCB3E3E-94F4-4791-AEE6-0F06FE990FFF}.Release|iPhoneSimulator.Build.0 = Release|Any CPU
		{8CCB3E3E-94F4-4791-AEE6-0F06FE990FFF}.Release|iPhoneSimulator.Deploy.0 = Release|Any CPU
	EndGlobalSection
	GlobalSection(SolutionProperties) = preSolution
		HideSolutionNode = FALSE
	EndGlobalSection
	GlobalSection(ExtensibilityGlobals) = postSolution
		SolutionGuid = {E4A1A10C-DBEC-4A00-A24C-E3775404A031}
	EndGlobalSection
EndGlobal
